
Microsoft Visual Studio Solution File, Format Version 12.00
# Visual Studio 2013
VisualStudioVersion = 12.0.30723.0
MinimumVisualStudioVersion = 10.0.40219.1
Project("{FAE04EC0-301F-11D3-BF4B-00C04F79EFBC}") = "Chapter 2 - Program 4", "Chapter 2 - Program 4\Chapter 2 - Program 4.csproj", "{F21F304A-EC1F-4E13-A166-C3D6551EC5E2}"
EndProject
Global
	GlobalSection(SolutionConfigurationPlatforms) = preSolution
		Debug|Any CPU = Debug|Any CPU
		Release|Any CPU = Release|Any CPU
	EndGlobalSection
	GlobalSection(ProjectConfigurationPlatforms) = postSolution
		{F21F304A-EC1F-4E13-A166-C3D6551EC5E2}.Debug|Any CPU.ActiveCfg = Debug|Any CPU
		{F21F304A-EC1F-4E13-A166-C3D6551EC5E2}.Debug|Any CPU.Build.0 = Debug|Any CPU
		{F21F304A-EC1F-4E13-A166-C3D6551EC5E2}.Release|Any CPU.ActiveCfg = Release|Any CPU
		{F21F304A-EC1F-4E13-A166-C3D6551EC5E2}.Release|Any CPU.Build.0 = Release|Any CPU
	EndGlobalSection
	GlobalSection(SolutionProperties) = preSolution
		HideSolutionNode = FALSE
	EndGlobalSection
EndGlobal
