
Microsoft Visual Studio Solution File, Format Version 12.00
# Visual Studio 2013
VisualStudioVersion = 12.0.30723.0
MinimumVisualStudioVersion = 10.0.40219.1
Project("{FAE04EC0-301F-11D3-BF4B-00C04F79EFBC}") = "MojaBibliotekaCS", "MojaBibliotekaCS\MojaBibliotekaCS.csproj", "{A07E3F18-7836-4BE6-BD28-095FF795D6FA}"
EndProject
Project("{FAE04EC0-301F-11D3-BF4B-00C04F79EFBC}") = "Primer02", "ConsoleApplication1\Primer02.csproj", "{B8AA42AF-6885-478F-B792-4A6FC08AEDD8}"
EndProject
Global
	GlobalSection(SolutionConfigurationPlatforms) = preSolution
		Debug|Any CPU = Debug|Any CPU
		Release|Any CPU = Release|Any CPU
	EndGlobalSection
	GlobalSection(ProjectConfigurationPlatforms) = postSolution
		{A07E3F18-7836-4BE6-BD28-095FF795D6FA}.Debug|Any CPU.ActiveCfg = Debug|Any CPU
		{A07E3F18-7836-4BE6-BD28-095FF795D6FA}.Debug|Any CPU.Build.0 = Debug|Any CPU
		{A07E3F18-7836-4BE6-BD28-095FF795D6FA}.Release|Any CPU.ActiveCfg = Release|Any CPU
		{A07E3F18-7836-4BE6-BD28-095FF795D6FA}.Release|Any CPU.Build.0 = Release|Any CPU
		{B8AA42AF-6885-478F-B792-4A6FC08AEDD8}.Debug|Any CPU.ActiveCfg = Debug|Any CPU
		{B8AA42AF-6885-478F-B792-4A6FC08AEDD8}.Debug|Any CPU.Build.0 = Debug|Any CPU
		{B8AA42AF-6885-478F-B792-4A6FC08AEDD8}.Release|Any CPU.ActiveCfg = Release|Any CPU
		{B8AA42AF-6885-478F-B792-4A6FC08AEDD8}.Release|Any CPU.Build.0 = Release|Any CPU
	EndGlobalSection
	GlobalSection(SolutionProperties) = preSolution
		HideSolutionNode = FALSE
	EndGlobalSection
EndGlobal
